
Microsoft Visual Studio Solution File, Format Version 12.00
# Visual Studio Version 16
VisualStudioVersion = 16.0.32802.440
MinimumVisualStudioVersion = 10.0.40219.1
Project("{FAE04EC0-301F-11D3-BF4B-00C04F79EFBC}") = "sort practice", "sort practice\sort practice.csproj", "{A896E346-0BE3-493B-81BC-A11F43B9095A}"
EndProject
Global
	GlobalSection(SolutionConfigurationPlatforms) = preSolution
		Debug|Any CPU = Debug|Any CPU
		Release|Any CPU = Release|Any CPU
	EndGlobalSection
	GlobalSection(ProjectConfigurationPlatforms) = postSolution
		{A896E346-0BE3-493B-81BC-A11F43B9095A}.Debug|Any CPU.ActiveCfg = Debug|Any CPU
		{A896E346-0BE3-493B-81BC-A11F43B9095A}.Debug|Any CPU.Build.0 = Debug|Any CPU
		{A896E346-0BE3-493B-81BC-A11F43B9095A}.Release|Any CPU.ActiveCfg = Release|Any CPU
		{A896E346-0BE3-493B-81BC-A11F43B9095A}.Release|Any CPU.Build.0 = Release|Any CPU
	EndGlobalSection
	GlobalSection(SolutionProperties) = preSolution
		HideSolutionNode = FALSE
	EndGlobalSection
	GlobalSection(ExtensibilityGlobals) = postSolution
		SolutionGuid = {D0B8FD8A-94C8-4283-8950-ADF15B92017F}
	EndGlobalSection
EndGlobal
